{
  "name": "aoiRouting.App",
  "lockfileVersion": 3,
  "requires": true,
  "packages": {
    "": {
      "dependencies": {
        "@types/blazor__javascript-interop": "^3.1.3",
        "@types/es6-promise": "^3.3.0",
        "@types/google.maps": "^3.53.4"
      },
      "devDependencies": {
        "@types/node": "^20.4.2"
      }
    },
    "node_modules/@types/blazor__javascript-interop": {
      "version": "3.1.3",
      "resolved": "https://registry.npmjs.org/@types/blazor__javascript-interop/-/blazor__javascript-interop-3.1.3.tgz",
      "integrity": "sha512-S0GR0mmJ+2oiSpCQMG0yWMLt0bFoxfYxmzapxdKATMLJJT6bcVTYPolaw7qE0JzlYlRsK1xceI0aVJ0kbUtG+g=="
    },
    "node_modules/@types/es6-promise": {
      "version": "3.3.0",
      "resolved": "https://registry.npmjs.org/@types/es6-promise/-/es6-promise-3.3.0.tgz",
      "integrity": "sha512-ixCIAEkLUKv9movnHKCzx2rzAJgEnSALDXPrOSSwOjWwXFs0ssSZKan+O2e3FExPPCbX+DfA9NcKsbvLuyUlNA==",
      "deprecated": "This is a stub types definition for es6-promise (https://github.com/jakearchibald/ES6-Promise). es6-promise provides its own type definitions, so you don't need @types/es6-promise installed!",
      "dependencies": {
        "es6-promise": "*"
      }
    },
    "node_modules/@types/google.maps": {
      "version": "3.53.5",
      "resolved": "https://registry.npmjs.org/@types/google.maps/-/google.maps-3.53.5.tgz",
      "integrity": "sha512-HoRq4Te8J6krH7hj+TfdYepqegoKZCj3kkaK5gf+ySFSHLvyqYkDvkrtbcVJXQ6QBphQ0h1TF7p4J6sOh4r/zg=="
    },
    "node_modules/@types/node": {
      "version": "20.4.2",
      "resolved": "https://registry.npmjs.org/@types/node/-/node-20.4.2.tgz",
      "integrity": "sha512-Dd0BYtWgnWJKwO1jkmTrzofjK2QXXcai0dmtzvIBhcA+RsG5h8R3xlyta0kGOZRNfL9GuRtb1knmPEhQrePCEw==",
      "dev": true
    },
    "node_modules/es6-promise": {
      "version": "4.2.8",
      "resolved": "https://registry.npmjs.org/es6-promise/-/es6-promise-4.2.8.tgz",
      "integrity": "sha512-HJDGx5daxeIvxdBxvG2cb9g4tEvwIk3i8+nhX0yGrYmZUzbkdg8QbDevheDB8gd0//uPj4c1EQua8Q+MViT0/w=="
    }
  }
}
